# This file is autogenerated, do not edit; changes may be undone by the next 'dep ensure'.


[[projects]]
  branch = "master"
  digest = "1:7b94e337f8f128517eb3f386471203b3958447204b96177175a9f971a7c5f165"
  name = "github.com/andreagrandi/go-amqp-example"
  packages = ["contracts"]
  pruneopts = "UT"
  revision = "55ff8ba8e7bb4d20edc66f6c0d15433a735087cc"

[[projects]]
  branch = "master"
  digest = "1:d6bb6f3240a488ffe5bb6952b513569d009927dcb20ff94885f87b76cef2b698"
  name = "github.com/streadway/amqp"
  packages = ["."]
  pruneopts = "UT"
  revision = "75d898a42a940fbc854dfd1a4199eabdc00cf024"

[solve-meta]
  analyzer-name = "dep"
  analyzer-version = 1
  input-imports = [
    "github.com/andreagrandi/go-amqp-example/contracts",
    "github.com/streadway/amqp",
  ]
  solver-name = "gps-cdcl"
  solver-version = 1
